
Microsoft Visual Studio Solution File, Format Version 12.00
# Visual Studio 15
VisualStudioVersion = 15.0.28010.2016
MinimumVisualStudioVersion = 10.0.40219.1
Project("{FAE04EC0-301F-11D3-BF4B-00C04F79EFBC}") = "thongkethongtin", "thongkethongtin\thongkethongtin.csproj", "{07002C69-8C60-4210-8186-7E8CAFD8A339}"
EndProject
Global
	GlobalSection(SolutionConfigurationPlatforms) = preSolution
		Debug|Any CPU = Debug|Any CPU
		Release|Any CPU = Release|Any CPU
	EndGlobalSection
	GlobalSection(ProjectConfigurationPlatforms) = postSolution
		{07002C69-8C60-4210-8186-7E8CAFD8A339}.Debug|Any CPU.ActiveCfg = Debug|Any CPU
		{07002C69-8C60-4210-8186-7E8CAFD8A339}.Debug|Any CPU.Build.0 = Debug|Any CPU
		{07002C69-8C60-4210-8186-7E8CAFD8A339}.Release|Any CPU.ActiveCfg = Release|Any CPU
		{07002C69-8C60-4210-8186-7E8CAFD8A339}.Release|Any CPU.Build.0 = Release|Any CPU
	EndGlobalSection
	GlobalSection(SolutionProperties) = preSolution
		HideSolutionNode = FALSE
	EndGlobalSection
	GlobalSection(ExtensibilityGlobals) = postSolution
		SolutionGuid = {C4F02635-1838-462F-BA1C-9E0DAC9898B9}
	EndGlobalSection
EndGlobal
