
Microsoft Visual Studio Solution File, Format Version 12.00
# Visual Studio 15
VisualStudioVersion = 15.0.28010.2003
MinimumVisualStudioVersion = 10.0.40219.1
Project("{FAE04EC0-301F-11D3-BF4B-00C04F79EFBC}") = "FinalMain", "FinalMain\FinalMain.csproj", "{BAE34854-DD44-42D4-9CD9-5991EE247DA0}"
EndProject
Project("{FAE04EC0-301F-11D3-BF4B-00C04F79EFBC}") = "benhan", "benhan\BTL_CNPM\benhan.csproj", "{EB2A50B4-C32C-4DC2-AF69-389FC287E181}"
EndProject
Project("{FAE04EC0-301F-11D3-BF4B-00C04F79EFBC}") = "capnhapthongtin", "capnhapthongtin\capnhap\capnhapthongtin.csproj", "{9BD0C5D1-CA21-4C47-9D76-D2EF093D255D}"
EndProject
Project("{FAE04EC0-301F-11D3-BF4B-00C04F79EFBC}") = "capnhatyteganday", "capnhatyteganday\capnhatyteganday\capnhatyteganday.csproj", "{06A98EF3-373C-4D47-BA3E-60CA1BB97EA5}"
EndProject
Project("{FAE04EC0-301F-11D3-BF4B-00C04F79EFBC}") = "PatientHistory", "MedicalApp\PatientHistory\PatientHistory.csproj", "{3660F97C-55B9-4389-B1E6-4D53BC74A8E8}"
EndProject
Project("{FAE04EC0-301F-11D3-BF4B-00C04F79EFBC}") = "InfoRegister", "MedicalApp\InfoRegister\InfoRegister.csproj", "{8710529A-E9C2-4610-A0F1-D844F3BE6BC6}"
EndProject
Project("{FAE04EC0-301F-11D3-BF4B-00C04F79EFBC}") = "thongkethongtin", "thongkethongtin\thongkethongtin\thongkethongtin.csproj", "{07002C69-8C60-4210-8186-7E8CAFD8A339}"
EndProject
Project("{FAE04EC0-301F-11D3-BF4B-00C04F79EFBC}") = "Paitent(D)", "WindowsFormsApp1\WindowsFormsApp1\Paitent(D).csproj", "{41975E19-C68C-4473-A2E7-654C4D0AE1CD}"
EndProject
Project("{FAE04EC0-301F-11D3-BF4B-00C04F79EFBC}") = "LoginForm", "LoginForm\LoginForm.csproj", "{3139FE26-8D44-4372-9888-DEE09BBDAFB6}"
EndProject
Project("{FAE04EC0-301F-11D3-BF4B-00C04F79EFBC}") = "DiagnoseForm", "chuandoan\BTL_CNPM\DiagnoseForm.csproj", "{18626DE2-11E7-4B54-A8D7-51873663D6F5}"
EndProject
Project("{FAE04EC0-301F-11D3-BF4B-00C04F79EFBC}") = "Datlich", "Datlich\Datlich\Datlich.csproj", "{820C149F-4B5C-40D6-B8E6-3F5F94FCE59E}"
EndProject
Project("{FAE04EC0-301F-11D3-BF4B-00C04F79EFBC}") = "DoctorForm", "DoctorForm\DoctorForm.csproj", "{6EFE123C-63E8-43AE-9AAF-9891780F22C1}"
EndProject
Project("{FAE04EC0-301F-11D3-BF4B-00C04F79EFBC}") = "LookupAndFeedback", "LookupAndFeedback\LookupAndFeedback\LookupAndFeedback.csproj", "{F6A62196-B888-441F-BEB0-4EBC1ADDFB5E}"
EndProject
Global
	GlobalSection(SolutionConfigurationPlatforms) = preSolution
		Debug|Any CPU = Debug|Any CPU
		Release|Any CPU = Release|Any CPU
	EndGlobalSection
	GlobalSection(ProjectConfigurationPlatforms) = postSolution
		{BAE34854-DD44-42D4-9CD9-5991EE247DA0}.Debug|Any CPU.ActiveCfg = Debug|Any CPU
		{BAE34854-DD44-42D4-9CD9-5991EE247DA0}.Debug|Any CPU.Build.0 = Debug|Any CPU
		{BAE34854-DD44-42D4-9CD9-5991EE247DA0}.Release|Any CPU.ActiveCfg = Release|Any CPU
		{BAE34854-DD44-42D4-9CD9-5991EE247DA0}.Release|Any CPU.Build.0 = Release|Any CPU
		{EB2A50B4-C32C-4DC2-AF69-389FC287E181}.Debug|Any CPU.ActiveCfg = Debug|Any CPU
		{EB2A50B4-C32C-4DC2-AF69-389FC287E181}.Debug|Any CPU.Build.0 = Debug|Any CPU
		{EB2A50B4-C32C-4DC2-AF69-389FC287E181}.Release|Any CPU.ActiveCfg = Release|Any CPU
		{EB2A50B4-C32C-4DC2-AF69-389FC287E181}.Release|Any CPU.Build.0 = Release|Any CPU
		{9BD0C5D1-CA21-4C47-9D76-D2EF093D255D}.Debug|Any CPU.ActiveCfg = Debug|Any CPU
		{9BD0C5D1-CA21-4C47-9D76-D2EF093D255D}.Debug|Any CPU.Build.0 = Debug|Any CPU
		{9BD0C5D1-CA21-4C47-9D76-D2EF093D255D}.Release|Any CPU.ActiveCfg = Release|Any CPU
		{9BD0C5D1-CA21-4C47-9D76-D2EF093D255D}.Release|Any CPU.Build.0 = Release|Any CPU
		{06A98EF3-373C-4D47-BA3E-60CA1BB97EA5}.Debug|Any CPU.ActiveCfg = Debug|Any CPU
		{06A98EF3-373C-4D47-BA3E-60CA1BB97EA5}.Debug|Any CPU.Build.0 = Debug|Any CPU
		{06A98EF3-373C-4D47-BA3E-60CA1BB97EA5}.Release|Any CPU.ActiveCfg = Release|Any CPU
		{06A98EF3-373C-4D47-BA3E-60CA1BB97EA5}.Release|Any CPU.Build.0 = Release|Any CPU
		{3660F97C-55B9-4389-B1E6-4D53BC74A8E8}.Debug|Any CPU.ActiveCfg = Debug|Any CPU
		{3660F97C-55B9-4389-B1E6-4D53BC74A8E8}.Debug|Any CPU.Build.0 = Debug|Any CPU
		{3660F97C-55B9-4389-B1E6-4D53BC74A8E8}.Release|Any CPU.ActiveCfg = Release|Any CPU
		{3660F97C-55B9-4389-B1E6-4D53BC74A8E8}.Release|Any CPU.Build.0 = Release|Any CPU
		{8710529A-E9C2-4610-A0F1-D844F3BE6BC6}.Debug|Any CPU.ActiveCfg = Debug|Any CPU
		{8710529A-E9C2-4610-A0F1-D844F3BE6BC6}.Debug|Any CPU.Build.0 = Debug|Any CPU
		{8710529A-E9C2-4610-A0F1-D844F3BE6BC6}.Release|Any CPU.ActiveCfg = Release|Any CPU
		{8710529A-E9C2-4610-A0F1-D844F3BE6BC6}.Release|Any CPU.Build.0 = Release|Any CPU
		{07002C69-8C60-4210-8186-7E8CAFD8A339}.Debug|Any CPU.ActiveCfg = Debug|Any CPU
		{07002C69-8C60-4210-8186-7E8CAFD8A339}.Debug|Any CPU.Build.0 = Debug|Any CPU
		{07002C69-8C60-4210-8186-7E8CAFD8A339}.Release|Any CPU.ActiveCfg = Release|Any CPU
		{07002C69-8C60-4210-8186-7E8CAFD8A339}.Release|Any CPU.Build.0 = Release|Any CPU
		{41975E19-C68C-4473-A2E7-654C4D0AE1CD}.Debug|Any CPU.ActiveCfg = Debug|Any CPU
		{41975E19-C68C-4473-A2E7-654C4D0AE1CD}.Debug|Any CPU.Build.0 = Debug|Any CPU
		{41975E19-C68C-4473-A2E7-654C4D0AE1CD}.Release|Any CPU.ActiveCfg = Release|Any CPU
		{41975E19-C68C-4473-A2E7-654C4D0AE1CD}.Release|Any CPU.Build.0 = Release|Any CPU
		{3139FE26-8D44-4372-9888-DEE09BBDAFB6}.Debug|Any CPU.ActiveCfg = Debug|Any CPU
		{3139FE26-8D44-4372-9888-DEE09BBDAFB6}.Debug|Any CPU.Build.0 = Debug|Any CPU
		{3139FE26-8D44-4372-9888-DEE09BBDAFB6}.Release|Any CPU.ActiveCfg = Release|Any CPU
		{3139FE26-8D44-4372-9888-DEE09BBDAFB6}.Release|Any CPU.Build.0 = Release|Any CPU
		{18626DE2-11E7-4B54-A8D7-51873663D6F5}.Debug|Any CPU.ActiveCfg = Debug|Any CPU
		{18626DE2-11E7-4B54-A8D7-51873663D6F5}.Debug|Any CPU.Build.0 = Debug|Any CPU
		{18626DE2-11E7-4B54-A8D7-51873663D6F5}.Release|Any CPU.ActiveCfg = Release|Any CPU
		{18626DE2-11E7-4B54-A8D7-51873663D6F5}.Release|Any CPU.Build.0 = Release|Any CPU
		{820C149F-4B5C-40D6-B8E6-3F5F94FCE59E}.Debug|Any CPU.ActiveCfg = Debug|Any CPU
		{820C149F-4B5C-40D6-B8E6-3F5F94FCE59E}.Debug|Any CPU.Build.0 = Debug|Any CPU
		{820C149F-4B5C-40D6-B8E6-3F5F94FCE59E}.Release|Any CPU.ActiveCfg = Release|Any CPU
		{820C149F-4B5C-40D6-B8E6-3F5F94FCE59E}.Release|Any CPU.Build.0 = Release|Any CPU
		{6EFE123C-63E8-43AE-9AAF-9891780F22C1}.Debug|Any CPU.ActiveCfg = Debug|Any CPU
		{6EFE123C-63E8-43AE-9AAF-9891780F22C1}.Debug|Any CPU.Build.0 = Debug|Any CPU
		{6EFE123C-63E8-43AE-9AAF-9891780F22C1}.Release|Any CPU.ActiveCfg = Release|Any CPU
		{6EFE123C-63E8-43AE-9AAF-9891780F22C1}.Release|Any CPU.Build.0 = Release|Any CPU
		{F6A62196-B888-441F-BEB0-4EBC1ADDFB5E}.Debug|Any CPU.ActiveCfg = Debug|Any CPU
		{F6A62196-B888-441F-BEB0-4EBC1ADDFB5E}.Debug|Any CPU.Build.0 = Debug|Any CPU
		{F6A62196-B888-441F-BEB0-4EBC1ADDFB5E}.Release|Any CPU.ActiveCfg = Release|Any CPU
		{F6A62196-B888-441F-BEB0-4EBC1ADDFB5E}.Release|Any CPU.Build.0 = Release|Any CPU
	EndGlobalSection
	GlobalSection(SolutionProperties) = preSolution
		HideSolutionNode = FALSE
	EndGlobalSection
	GlobalSection(ExtensibilityGlobals) = postSolution
		SolutionGuid = {90FE34CC-4838-4C17-AD81-D78D1829446B}
	EndGlobalSection
EndGlobal
