
Microsoft Visual Studio Solution File, Format Version 12.00
# Visual Studio 15
VisualStudioVersion = 15.0.28010.2016
MinimumVisualStudioVersion = 10.0.40219.1
Project("{FAE04EC0-301F-11D3-BF4B-00C04F79EFBC}") = "capnhatyteganday", "capnhatyteganday\capnhatyteganday.csproj", "{06A98EF3-373C-4D47-BA3E-60CA1BB97EA5}"
EndProject
Global
	GlobalSection(SolutionConfigurationPlatforms) = preSolution
		Debug|Any CPU = Debug|Any CPU
		Release|Any CPU = Release|Any CPU
	EndGlobalSection
	GlobalSection(ProjectConfigurationPlatforms) = postSolution
		{06A98EF3-373C-4D47-BA3E-60CA1BB97EA5}.Debug|Any CPU.ActiveCfg = Debug|Any CPU
		{06A98EF3-373C-4D47-BA3E-60CA1BB97EA5}.Debug|Any CPU.Build.0 = Debug|Any CPU
		{06A98EF3-373C-4D47-BA3E-60CA1BB97EA5}.Release|Any CPU.ActiveCfg = Release|Any CPU
		{06A98EF3-373C-4D47-BA3E-60CA1BB97EA5}.Release|Any CPU.Build.0 = Release|Any CPU
	EndGlobalSection
	GlobalSection(SolutionProperties) = preSolution
		HideSolutionNode = FALSE
	EndGlobalSection
	GlobalSection(ExtensibilityGlobals) = postSolution
		SolutionGuid = {8CE24509-7C32-4BF6-8911-2BD748A6972E}
	EndGlobalSection
EndGlobal
